// !$*UTF8*$!
{
	archiveVersion = 1;
	classes = {
	};
	objectVersion = 56;
	objects = {

/* Begin PBXBuildFile section */
		1F1577E22C64CD48006D37A9 /* QRScannerView.swift in Sources */ = {isa = PBXBuildFile; fileRef = 1F1577E12C64CD48006D37A9 /* QRScannerView.swift */; };
		1F1577E72C64D9F6006D37A9 /* SwiftQRCodeScanner in Frameworks */ = {isa = PBXBuildFile; productRef = 1F1577E62C64D9F6006D37A9 /* SwiftQRCodeScanner */; };
		1F77998A2C68E8D3003CF038 /* LocalNetworkAuthorization.swift in Sources */ = {isa = PBXBuildFile; fileRef = 1F7799892C68E8D3003CF038 /* LocalNetworkAuthorization.swift */; };
		1FAFCB992C6381110055E605 /* iWin_ShareApp.swift in Sources */ = {isa = PBXBuildFile; fileRef = 1FAFCB982C6381110055E605 /* iWin_ShareApp.swift */; };
		1FAFCB9B2C6381110055E605 /* ContentView.swift in Sources */ = {isa = PBXBuildFile; fileRef = 1FAFCB9A2C6381110055E605 /* ContentView.swift */; };
		1FAFCB9D2C6381140055E605 /* Assets.xcassets in Resources */ = {isa = PBXBuildFile; fileRef = 1FAFCB9C2C6381140055E605 /* Assets.xcassets */; };
		1FAFCBA02C6381140055E605 /* Preview Assets.xcassets in Resources */ = {isa = PBXBuildFile; fileRef = 1FAFCB9F2C6381140055E605 /* Preview Assets.xcassets */; };
		1FAFCBAD2C6381920055E605 /* ShareViewController.swift in Sources */ = {isa = PBXBuildFile; fileRef = 1FAFCBAC2C6381920055E605 /* ShareViewController.swift */; };
		1FAFCBB42C6381920055E605 /* ShareExtension.appex in Embed Foundation Extensions */ = {isa = PBXBuildFile; fileRef = 1FAFCBAA2C6381920055E605 /* ShareExtension.appex */; settings = {ATTRIBUTES = (RemoveHeadersOnCopy, ); }; };
		1FAFCBBA2C6382660055E605 /* ShareExtensionView.swift in Sources */ = {isa = PBXBuildFile; fileRef = 1FAFCBB92C6382660055E605 /* ShareExtensionView.swift */; };
		1FF329E52C66C593006121B7 /* Assets.xcassets in Resources */ = {isa = PBXBuildFile; fileRef = 1FF329E42C66C593006121B7 /* Assets.xcassets */; };
/* End PBXBuildFile section */

/* Begin PBXContainerItemProxy section */
		1FAFCBB22C6381920055E605 /* PBXContainerItemProxy */ = {
			isa = PBXContainerItemProxy;
			containerPortal = 1FAFCB8D2C6381110055E605 /* Project object */;
			proxyType = 1;
			remoteGlobalIDString = 1FAFCBA92C6381920055E605;
			remoteInfo = ShareExtension;
		};
/* End PBXContainerItemProxy section */

/* Begin PBXCopyFilesBuildPhase section */
		1FAFCBB82C6381920055E605 /* Embed Foundation Extensions */ = {
			isa = PBXCopyFilesBuildPhase;
			buildActionMask = 2147483647;
			dstPath = "";
			dstSubfolderSpec = 13;
			files = (
				1FAFCBB42C6381920055E605 /* ShareExtension.appex in Embed Foundation Extensions */,
			);
			name = "Embed Foundation Extensions";
			runOnlyForDeploymentPostprocessing = 0;
		};
/* End PBXCopyFilesBuildPhase section */

/* Begin PBXFileReference section */
		1F1577E12C64CD48006D37A9 /* QRScannerView.swift */ = {isa = PBXFileReference; lastKnownFileType = sourcecode.swift; path = QRScannerView.swift; sourceTree = "<group>"; };
		1F1577E32C64CF32006D37A9 /* Info.plist */ = {isa = PBXFileReference; lastKnownFileType = text.plist.xml; path = Info.plist; sourceTree = "<group>"; };
		1F7799892C68E8D3003CF038 /* LocalNetworkAuthorization.swift */ = {isa = PBXFileReference; lastKnownFileType = sourcecode.swift; path = LocalNetworkAuthorization.swift; sourceTree = "<group>"; };
		1FAFCB952C6381110055E605 /* iWin Share.app */ = {isa = PBXFileReference; explicitFileType = wrapper.application; includeInIndex = 0; path = "iWin Share.app"; sourceTree = BUILT_PRODUCTS_DIR; };
		1FAFCB982C6381110055E605 /* iWin_ShareApp.swift */ = {isa = PBXFileReference; lastKnownFileType = sourcecode.swift; path = iWin_ShareApp.swift; sourceTree = "<group>"; };
		1FAFCB9A2C6381110055E605 /* ContentView.swift */ = {isa = PBXFileReference; lastKnownFileType = sourcecode.swift; path = ContentView.swift; sourceTree = "<group>"; };
		1FAFCB9C2C6381140055E605 /* Assets.xcassets */ = {isa = PBXFileReference; lastKnownFileType = folder.assetcatalog; path = Assets.xcassets; sourceTree = "<group>"; };
		1FAFCB9F2C6381140055E605 /* Preview Assets.xcassets */ = {isa = PBXFileReference; lastKnownFileType = folder.assetcatalog; path = "Preview Assets.xcassets"; sourceTree = "<group>"; };
		1FAFCBAA2C6381920055E605 /* ShareExtension.appex */ = {isa = PBXFileReference; explicitFileType = "wrapper.app-extension"; includeInIndex = 0; path = ShareExtension.appex; sourceTree = BUILT_PRODUCTS_DIR; };
		1FAFCBAC2C6381920055E605 /* ShareViewController.swift */ = {isa = PBXFileReference; lastKnownFileType = sourcecode.swift; path = ShareViewController.swift; sourceTree = "<group>"; };
		1FAFCBB12C6381920055E605 /* Info.plist */ = {isa = PBXFileReference; explicitFileType = text.xml; path = Info.plist; sourceTree = "<group>"; };
		1FAFCBB92C6382660055E605 /* ShareExtensionView.swift */ = {isa = PBXFileReference; lastKnownFileType = sourcecode.swift; path = ShareExtensionView.swift; sourceTree = "<group>"; };
		1FF329E42C66C593006121B7 /* Assets.xcassets */ = {isa = PBXFileReference; lastKnownFileType = folder.assetcatalog; path = Assets.xcassets; sourceTree = "<group>"; };
/* End PBXFileReference section */

/* Begin PBXFrameworksBuildPhase section */
		1FAFCB922C6381110055E605 /* Frameworks */ = {
			isa = PBXFrameworksBuildPhase;
			buildActionMask = 2147483647;
			files = (
				1F1577E72C64D9F6006D37A9 /* SwiftQRCodeScanner in Frameworks */,
			);
			runOnlyForDeploymentPostprocessing = 0;
		};
		1FAFCBA72C6381920055E605 /* Frameworks */ = {
			isa = PBXFrameworksBuildPhase;
			buildActionMask = 2147483647;
			files = (
			);
			runOnlyForDeploymentPostprocessing = 0;
		};
/* End PBXFrameworksBuildPhase section */

/* Begin PBXGroup section */
		1FAFCB8C2C6381110055E605 = {
			isa = PBXGroup;
			children = (
				1FAFCB972C6381110055E605 /* iWin Share */,
				1FAFCBAB2C6381920055E605 /* ShareExtension */,
				1FAFCB962C6381110055E605 /* Products */,
			);
			sourceTree = "<group>";
		};
		1FAFCB962C6381110055E605 /* Products */ = {
			isa = PBXGroup;
			children = (
				1FAFCB952C6381110055E605 /* iWin Share.app */,
				1FAFCBAA2C6381920055E605 /* ShareExtension.appex */,
			);
			name = Products;
			sourceTree = "<group>";
		};
		1FAFCB972C6381110055E605 /* iWin Share */ = {
			isa = PBXGroup;
			children = (
				1FAFCB982C6381110055E605 /* iWin_ShareApp.swift */,
				1FAFCB9A2C6381110055E605 /* ContentView.swift */,
				1FAFCB9C2C6381140055E605 /* Assets.xcassets */,
				1FAFCB9E2C6381140055E605 /* Preview Content */,
				1F1577E12C64CD48006D37A9 /* QRScannerView.swift */,
				1F1577E32C64CF32006D37A9 /* Info.plist */,
				1F7799892C68E8D3003CF038 /* LocalNetworkAuthorization.swift */,
			);
			path = "iWin Share";
			sourceTree = "<group>";
		};
		1FAFCB9E2C6381140055E605 /* Preview Content */ = {
			isa = PBXGroup;
			children = (
				1FAFCB9F2C6381140055E605 /* Preview Assets.xcassets */,
			);
			path = "Preview Content";
			sourceTree = "<group>";
		};
		1FAFCBAB2C6381920055E605 /* ShareExtension */ = {
			isa = PBXGroup;
			children = (
				1FAFCBAC2C6381920055E605 /* ShareViewController.swift */,
				1FAFCBB12C6381920055E605 /* Info.plist */,
				1FAFCBB92C6382660055E605 /* ShareExtensionView.swift */,
				1FF329E42C66C593006121B7 /* Assets.xcassets */,
			);
			path = ShareExtension;
			sourceTree = "<group>";
		};
/* End PBXGroup section */

/* Begin PBXNativeTarget section */
		1FAFCB942C6381110055E605 /* iWin Share */ = {
			isa = PBXNativeTarget;
			buildConfigurationList = 1FAFCBA32C6381140055E605 /* Build configuration list for PBXNativeTarget "iWin Share" */;
			buildPhases = (
				1FAFCB912C6381110055E605 /* Sources */,
				1FAFCB922C6381110055E605 /* Frameworks */,
				1FAFCB932C6381110055E605 /* Resources */,
				1FAFCBB82C6381920055E605 /* Embed Foundation Extensions */,
			);
			buildRules = (
			);
			dependencies = (
				1FAFCBB32C6381920055E605 /* PBXTargetDependency */,
			);
			name = "iWin Share";
			packageProductDependencies = (
				1F1577E62C64D9F6006D37A9 /* SwiftQRCodeScanner */,
			);
			productName = "iWin Share";
			productReference = 1FAFCB952C6381110055E605 /* iWin Share.app */;
			productType = "com.apple.product-type.application";
		};
		1FAFCBA92C6381920055E605 /* ShareExtension */ = {
			isa = PBXNativeTarget;
			buildConfigurationList = 1FAFCBB52C6381920055E605 /* Build configuration list for PBXNativeTarget "ShareExtension" */;
			buildPhases = (
				1FAFCBA62C6381920055E605 /* Sources */,
				1FAFCBA72C6381920055E605 /* Frameworks */,
				1FAFCBA82C6381920055E605 /* Resources */,
			);
			buildRules = (
			);
			dependencies = (
			);
			name = ShareExtension;
			productName = ShareExtension;
			productReference = 1FAFCBAA2C6381920055E605 /* ShareExtension.appex */;
			productType = "com.apple.product-type.app-extension";
		};
/* End PBXNativeTarget section */

/* Begin PBXProject section */
		1FAFCB8D2C6381110055E605 /* Project object */ = {
			isa = PBXProject;
			attributes = {
				BuildIndependentTargetsInParallel = 1;
				LastSwiftUpdateCheck = 1540;
				LastUpgradeCheck = 1540;
				TargetAttributes = {
					1FAFCB942C6381110055E605 = {
						CreatedOnToolsVersion = 15.4;
					};
					1FAFCBA92C6381920055E605 = {
						CreatedOnToolsVersion = 15.4;
					};
				};
			};
			buildConfigurationList = 1FAFCB902C6381110055E605 /* Build configuration list for PBXProject "iWin Share" */;
			compatibilityVersion = "Xcode 14.0";
			developmentRegion = en;
			hasScannedForEncodings = 0;
			knownRegions = (
				en,
				Base,
			);
			mainGroup = 1FAFCB8C2C6381110055E605;
			packageReferences = (
				1F1577E52C64D7FF006D37A9 /* XCRemoteSwiftPackageReference "SwiftQRCodeScanner" */,
			);
			productRefGroup = 1FAFCB962C6381110055E605 /* Products */;
			projectDirPath = "";
			projectRoot = "";
			targets = (
				1FAFCB942C6381110055E605 /* iWin Share */,
				1FAFCBA92C6381920055E605 /* ShareExtension */,
			);
		};
/* End PBXProject section */

/* Begin PBXResourcesBuildPhase section */
		1FAFCB932C6381110055E605 /* Resources */ = {
			isa = PBXResourcesBuildPhase;
			buildActionMask = 2147483647;
			files = (
				1FAFCBA02C6381140055E605 /* Preview Assets.xcassets in Resources */,
				1FAFCB9D2C6381140055E605 /* Assets.xcassets in Resources */,
			);
			runOnlyForDeploymentPostprocessing = 0;
		};
		1FAFCBA82C6381920055E605 /* Resources */ = {
			isa = PBXResourcesBuildPhase;
			buildActionMask = 2147483647;
			files = (
				1FF329E52C66C593006121B7 /* Assets.xcassets in Resources */,
			);
			runOnlyForDeploymentPostprocessing = 0;
		};
/* End PBXResourcesBuildPhase section */

/* Begin PBXSourcesBuildPhase section */
		1FAFCB912C6381110055E605 /* Sources */ = {
			isa = PBXSourcesBuildPhase;
			buildActionMask = 2147483647;
			files = (
				1F77998A2C68E8D3003CF038 /* LocalNetworkAuthorization.swift in Sources */,
				1FAFCB9B2C6381110055E605 /* ContentView.swift in Sources */,
				1F1577E22C64CD48006D37A9 /* QRScannerView.swift in Sources */,
				1FAFCB992C6381110055E605 /* iWin_ShareApp.swift in Sources */,
			);
			runOnlyForDeploymentPostprocessing = 0;
		};
		1FAFCBA62C6381920055E605 /* Sources */ = {
			isa = PBXSourcesBuildPhase;
			buildActionMask = 2147483647;
			files = (
				1FAFCBBA2C6382660055E605 /* ShareExtensionView.swift in Sources */,
				1FAFCBAD2C6381920055E605 /* ShareViewController.swift in Sources */,
			);
			runOnlyForDeploymentPostprocessing = 0;
		};
/* End PBXSourcesBuildPhase section */

/* Begin PBXTargetDependency section */
		1FAFCBB32C6381920055E605 /* PBXTargetDependency */ = {
			isa = PBXTargetDependency;
			target = 1FAFCBA92C6381920055E605 /* ShareExtension */;
			targetProxy = 1FAFCBB22C6381920055E605 /* PBXContainerItemProxy */;
		};
/* End PBXTargetDependency section */

/* Begin XCBuildConfiguration section */
		1FAFCBA12C6381140055E605 /* Debug */ = {
			isa = XCBuildConfiguration;
			buildSettings = {
				ALWAYS_SEARCH_USER_PATHS = NO;
				ASSETCATALOG_COMPILER_GENERATE_SWIFT_ASSET_SYMBOL_EXTENSIONS = YES;
				CLANG_ANALYZER_NONNULL = YES;
				CLANG_ANALYZER_NUMBER_OBJECT_CONVERSION = YES_AGGRESSIVE;
				CLANG_CXX_LANGUAGE_STANDARD = "gnu++20";
				CLANG_ENABLE_MODULES = YES;
				CLANG_ENABLE_OBJC_ARC = YES;
				CLANG_ENABLE_OBJC_WEAK = YES;
				CLANG_WARN_BLOCK_CAPTURE_AUTORELEASING = YES;
				CLANG_WARN_BOOL_CONVERSION = YES;
				CLANG_WARN_COMMA = YES;
				CLANG_WARN_CONSTANT_CONVERSION = YES;
				CLANG_WARN_DEPRECATED_OBJC_IMPLEMENTATIONS = YES;
				CLANG_WARN_DIRECT_OBJC_ISA_USAGE = YES_ERROR;
				CLANG_WARN_DOCUMENTATION_COMMENTS = YES;
				CLANG_WARN_EMPTY_BODY = YES;
				CLANG_WARN_ENUM_CONVERSION = YES;
				CLANG_WARN_INFINITE_RECURSION = YES;
				CLANG_WARN_INT_CONVERSION = YES;
				CLANG_WARN_NON_LITERAL_NULL_CONVERSION = YES;
				CLANG_WARN_OBJC_IMPLICIT_RETAIN_SELF = YES;
				CLANG_WARN_OBJC_LITERAL_CONVERSION = YES;
				CLANG_WARN_OBJC_ROOT_CLASS = YES_ERROR;
				CLANG_WARN_QUOTED_INCLUDE_IN_FRAMEWORK_HEADER = YES;
				CLANG_WARN_RANGE_LOOP_ANALYSIS = YES;
				CLANG_WARN_STRICT_PROTOTYPES = YES;
				CLANG_WARN_SUSPICIOUS_MOVE = YES;
				CLANG_WARN_UNGUARDED_AVAILABILITY = YES_AGGRESSIVE;
				CLANG_WARN_UNREACHABLE_CODE = YES;
				CLANG_WARN__DUPLICATE_METHOD_MATCH = YES;
				COPY_PHASE_STRIP = NO;
				DEBUG_INFORMATION_FORMAT = dwarf;
				ENABLE_STRICT_OBJC_MSGSEND = YES;
				ENABLE_TESTABILITY = YES;
				ENABLE_USER_SCRIPT_SANDBOXING = YES;
				GCC_C_LANGUAGE_STANDARD = gnu17;
				GCC_DYNAMIC_NO_PIC = NO;
				GCC_NO_COMMON_BLOCKS = YES;
				GCC_OPTIMIZATION_LEVEL = 0;
				GCC_PREPROCESSOR_DEFINITIONS = (
					"DEBUG=1",
					"$(inherited)",
				);
				GCC_WARN_64_TO_32_BIT_CONVERSION = YES;
				GCC_WARN_ABOUT_RETURN_TYPE = YES_ERROR;
				GCC_WARN_UNDECLARED_SELECTOR = YES;
				GCC_WARN_UNINITIALIZED_AUTOS = YES_AGGRESSIVE;
				GCC_WARN_UNUSED_FUNCTION = YES;
				GCC_WARN_UNUSED_VARIABLE = YES;
				IPHONEOS_DEPLOYMENT_TARGET = 17.5;
				LOCALIZATION_PREFERS_STRING_CATALOGS = YES;
				MTL_ENABLE_DEBUG_INFO = INCLUDE_SOURCE;
				MTL_FAST_MATH = YES;
				ONLY_ACTIVE_ARCH = YES;
				SDKROOT = iphoneos;
				SWIFT_ACTIVE_COMPILATION_CONDITIONS = "DEBUG $(inherited)";
				SWIFT_OPTIMIZATION_LEVEL = "-Onone";
			};
			name = Debug;
		};
		1FAFCBA22C6381140055E605 /* Release */ = {
			isa = XCBuildConfiguration;
			buildSettings = {
				ALWAYS_SEARCH_USER_PATHS = NO;
				ASSETCATALOG_COMPILER_GENERATE_SWIFT_ASSET_SYMBOL_EXTENSIONS = YES;
				CLANG_ANALYZER_NONNULL = YES;
				CLANG_ANALYZER_NUMBER_OBJECT_CONVERSION = YES_AGGRESSIVE;
				CLANG_CXX_LANGUAGE_STANDARD = "gnu++20";
				CLANG_ENABLE_MODULES = YES;
				CLANG_ENABLE_OBJC_ARC = YES;
				CLANG_ENABLE_OBJC_WEAK = YES;
				CLANG_WARN_BLOCK_CAPTURE_AUTORELEASING = YES;
				CLANG_WARN_BOOL_CONVERSION = YES;
				CLANG_WARN_COMMA = YES;
				CLANG_WARN_CONSTANT_CONVERSION = YES;
				CLANG_WARN_DEPRECATED_OBJC_IMPLEMENTATIONS = YES;
				CLANG_WARN_DIRECT_OBJC_ISA_USAGE = YES_ERROR;
				CLANG_WARN_DOCUMENTATION_COMMENTS = YES;
				CLANG_WARN_EMPTY_BODY = YES;
				CLANG_WARN_ENUM_CONVERSION = YES;
				CLANG_WARN_INFINITE_RECURSION = YES;
				CLANG_WARN_INT_CONVERSION = YES;
				CLANG_WARN_NON_LITERAL_NULL_CONVERSION = YES;
				CLANG_WARN_OBJC_IMPLICIT_RETAIN_SELF = YES;
				CLANG_WARN_OBJC_LITERAL_CONVERSION = YES;
				CLANG_WARN_OBJC_ROOT_CLASS = YES_ERROR;
				CLANG_WARN_QUOTED_INCLUDE_IN_FRAMEWORK_HEADER = YES;
				CLANG_WARN_RANGE_LOOP_ANALYSIS = YES;
				CLANG_WARN_STRICT_PROTOTYPES = YES;
				CLANG_WARN_SUSPICIOUS_MOVE = YES;
				CLANG_WARN_UNGUARDED_AVAILABILITY = YES_AGGRESSIVE;
				CLANG_WARN_UNREACHABLE_CODE = YES;
				CLANG_WARN__DUPLICATE_METHOD_MATCH = YES;
				COPY_PHASE_STRIP = NO;
				DEBUG_INFORMATION_FORMAT = "dwarf-with-dsym";
				ENABLE_NS_ASSERTIONS = NO;
				ENABLE_STRICT_OBJC_MSGSEND = YES;
				ENABLE_USER_SCRIPT_SANDBOXING = YES;
				GCC_C_LANGUAGE_STANDARD = gnu17;
				GCC_NO_COMMON_BLOCKS = YES;
				GCC_WARN_64_TO_32_BIT_CONVERSION = YES;
				GCC_WARN_ABOUT_RETURN_TYPE = YES_ERROR;
				GCC_WARN_UNDECLARED_SELECTOR = YES;
				GCC_WARN_UNINITIALIZED_AUTOS = YES_AGGRESSIVE;
				GCC_WARN_UNUSED_FUNCTION = YES;
				GCC_WARN_UNUSED_VARIABLE = YES;
				IPHONEOS_DEPLOYMENT_TARGET = 17.5;
				LOCALIZATION_PREFERS_STRING_CATALOGS = YES;
				MTL_ENABLE_DEBUG_INFO = NO;
				MTL_FAST_MATH = YES;
				SDKROOT = iphoneos;
				SWIFT_COMPILATION_MODE = wholemodule;
				VALIDATE_PRODUCT = YES;
			};
			name = Release;
		};
		1FAFCBA42C6381140055E605 /* Debug */ = {
			isa = XCBuildConfiguration;
			buildSettings = {
				ALWAYS_EMBED_SWIFT_STANDARD_LIBRARIES = YES;
				ASSETCATALOG_COMPILER_APPICON_NAME = AppIcon;
				ASSETCATALOG_COMPILER_GLOBAL_ACCENT_COLOR_NAME = AccentColor;
				CODE_SIGN_STYLE = Automatic;
				CURRENT_PROJECT_VERSION = 1;
				DEVELOPMENT_ASSET_PATHS = "\"iWin Share/Preview Content\"";
				DEVELOPMENT_TEAM = 8PHHUR53K4;
				ENABLE_PREVIEWS = YES;
				GENERATE_INFOPLIST_FILE = NO;
				INFOPLIST_FILE = "$(SRCROOT)/iWin Share/Info.plist";
				INFOPLIST_KEY_CFBundleDisplayName = "iWin Share";
				INFOPLIST_KEY_LSApplicationCategoryType = "public.app-category.utilities";
				INFOPLIST_KEY_UIApplicationSceneManifest_Generation = YES;
				INFOPLIST_KEY_UIApplicationSupportsIndirectInputEvents = YES;
				INFOPLIST_KEY_UILaunchScreen_Generation = YES;
				INFOPLIST_KEY_UISupportedInterfaceOrientations_iPad = "UIInterfaceOrientationPortrait UIInterfaceOrientationPortraitUpsideDown UIInterfaceOrientationLandscapeLeft UIInterfaceOrientationLandscapeRight";
				INFOPLIST_KEY_UISupportedInterfaceOrientations_iPhone = "UIInterfaceOrientationPortrait UIInterfaceOrientationLandscapeLeft UIInterfaceOrientationLandscapeRight";
				IPHONEOS_DEPLOYMENT_TARGET = 16.6;
				LD_RUNPATH_SEARCH_PATHS = (
					"$(inherited)",
					"@executable_path/Frameworks",
				);
				MARKETING_VERSION = 1.0;
				PRODUCT_BUNDLE_IDENTIFIER = "com.archawitch.iWin-Share";
				PRODUCT_NAME = "$(TARGET_NAME)";
				SWIFT_EMIT_LOC_STRINGS = YES;
				SWIFT_VERSION = 5.0;
				TARGETED_DEVICE_FAMILY = "1,2";
			};
			name = Debug;
		};
		1FAFCBA52C6381140055E605 /* Release */ = {
			isa = XCBuildConfiguration;
			buildSettings = {
				ALWAYS_EMBED_SWIFT_STANDARD_LIBRARIES = YES;
				ASSETCATALOG_COMPILER_APPICON_NAME = AppIcon;
				ASSETCATALOG_COMPILER_GLOBAL_ACCENT_COLOR_NAME = AccentColor;
				CODE_SIGN_STYLE = Automatic;
				CURRENT_PROJECT_VERSION = 1;
				DEVELOPMENT_ASSET_PATHS = "\"iWin Share/Preview Content\"";
				DEVELOPMENT_TEAM = 8PHHUR53K4;
				ENABLE_PREVIEWS = YES;
				GENERATE_INFOPLIST_FILE = NO;
				INFOPLIST_FILE = "$(SRCROOT)/iWin Share/Info.plist";
				INFOPLIST_KEY_CFBundleDisplayName = "iWin Share";
				INFOPLIST_KEY_LSApplicationCategoryType = "public.app-category.utilities";
				INFOPLIST_KEY_UIApplicationSceneManifest_Generation = YES;
				INFOPLIST_KEY_UIApplicationSupportsIndirectInputEvents = YES;
				INFOPLIST_KEY_UILaunchScreen_Generation = YES;
				INFOPLIST_KEY_UISupportedInterfaceOrientations_iPad = "UIInterfaceOrientationPortrait UIInterfaceOrientationPortraitUpsideDown UIInterfaceOrientationLandscapeLeft UIInterfaceOrientationLandscapeRight";
				INFOPLIST_KEY_UISupportedInterfaceOrientations_iPhone = "UIInterfaceOrientationPortrait UIInterfaceOrientationLandscapeLeft UIInterfaceOrientationLandscapeRight";
				IPHONEOS_DEPLOYMENT_TARGET = 16.6;
				LD_RUNPATH_SEARCH_PATHS = (
					"$(inherited)",
					"@executable_path/Frameworks",
				);
				MARKETING_VERSION = 1.0;
				PRODUCT_BUNDLE_IDENTIFIER = "com.archawitch.iWin-Share";
				PRODUCT_NAME = "$(TARGET_NAME)";
				SWIFT_EMIT_LOC_STRINGS = YES;
				SWIFT_VERSION = 5.0;
				TARGETED_DEVICE_FAMILY = "1,2";
			};
			name = Release;
		};
		1FAFCBB62C6381920055E605 /* Debug */ = {
			isa = XCBuildConfiguration;
			buildSettings = {
				ASSETCATALOG_COMPILER_APPICON_NAME = AppIcon;
				ASSETCATALOG_COMPILER_LAUNCHIMAGE_NAME = "";
				CODE_SIGN_STYLE = Automatic;
				CURRENT_PROJECT_VERSION = 1;
				DEVELOPMENT_TEAM = 8PHHUR53K4;
				GENERATE_INFOPLIST_FILE = YES;
				INFOPLIST_FILE = ShareExtension/Info.plist;
				INFOPLIST_KEY_CFBundleDisplayName = ShareExtension;
				INFOPLIST_KEY_NSHumanReadableCopyright = "";
				IPHONEOS_DEPLOYMENT_TARGET = 16.6;
				LD_RUNPATH_SEARCH_PATHS = (
					"$(inherited)",
					"@executable_path/Frameworks",
					"@executable_path/../../Frameworks",
				);
				MARKETING_VERSION = 1.0;
				PRODUCT_BUNDLE_IDENTIFIER = "com.archawitch.iWin-Share.ShareExtension";
				PRODUCT_NAME = "$(TARGET_NAME)";
				SKIP_INSTALL = YES;
				SWIFT_EMIT_LOC_STRINGS = YES;
				SWIFT_VERSION = 5.0;
				TARGETED_DEVICE_FAMILY = "1,2";
			};
			name = Debug;
		};
		1FAFCBB72C6381920055E605 /* Release */ = {
			isa = XCBuildConfiguration;
			buildSettings = {
				ASSETCATALOG_COMPILER_APPICON_NAME = AppIcon;
				ASSETCATALOG_COMPILER_LAUNCHIMAGE_NAME = "";
				CODE_SIGN_STYLE = Automatic;
				CURRENT_PROJECT_VERSION = 1;
				DEVELOPMENT_TEAM = 8PHHUR53K4;
				GENERATE_INFOPLIST_FILE = YES;
				INFOPLIST_FILE = ShareExtension/Info.plist;
				INFOPLIST_KEY_CFBundleDisplayName = ShareExtension;
				INFOPLIST_KEY_NSHumanReadableCopyright = "";
				IPHONEOS_DEPLOYMENT_TARGET = 16.6;
				LD_RUNPATH_SEARCH_PATHS = (
					"$(inherited)",
					"@executable_path/Frameworks",
					"@executable_path/../../Frameworks",
				);
				MARKETING_VERSION = 1.0;
				PRODUCT_BUNDLE_IDENTIFIER = "com.archawitch.iWin-Share.ShareExtension";
				PRODUCT_NAME = "$(TARGET_NAME)";
				SKIP_INSTALL = YES;
				SWIFT_EMIT_LOC_STRINGS = YES;
				SWIFT_VERSION = 5.0;
				TARGETED_DEVICE_FAMILY = "1,2";
			};
			name = Release;
		};
/* End XCBuildConfiguration section */

/* Begin XCConfigurationList section */
		1FAFCB902C6381110055E605 /* Build configuration list for PBXProject "iWin Share" */ = {
			isa = XCConfigurationList;
			buildConfigurations = (
				1FAFCBA12C6381140055E605 /* Debug */,
				1FAFCBA22C6381140055E605 /* Release */,
			);
			defaultConfigurationIsVisible = 0;
			defaultConfigurationName = Release;
		};
		1FAFCBA32C6381140055E605 /* Build configuration list for PBXNativeTarget "iWin Share" */ = {
			isa = XCConfigurationList;
			buildConfigurations = (
				1FAFCBA42C6381140055E605 /* Debug */,
				1FAFCBA52C6381140055E605 /* Release */,
			);
			defaultConfigurationIsVisible = 0;
			defaultConfigurationName = Release;
		};
		1FAFCBB52C6381920055E605 /* Build configuration list for PBXNativeTarget "ShareExtension" */ = {
			isa = XCConfigurationList;
			buildConfigurations = (
				1FAFCBB62C6381920055E605 /* Debug */,
				1FAFCBB72C6381920055E605 /* Release */,
			);
			defaultConfigurationIsVisible = 0;
			defaultConfigurationName = Release;
		};
/* End XCConfigurationList section */

/* Begin XCRemoteSwiftPackageReference section */
		1F1577E52C64D7FF006D37A9 /* XCRemoteSwiftPackageReference "SwiftQRCodeScanner" */ = {
			isa = XCRemoteSwiftPackageReference;
			repositoryURL = "https://github.com/vinodiOS/SwiftQRCodeScanner.git";
			requirement = {
				kind = upToNextMajorVersion;
				minimumVersion = 1.16.0;
			};
		};
/* End XCRemoteSwiftPackageReference section */

/* Begin XCSwiftPackageProductDependency section */
		1F1577E62C64D9F6006D37A9 /* SwiftQRCodeScanner */ = {
			isa = XCSwiftPackageProductDependency;
			package = 1F1577E52C64D7FF006D37A9 /* XCRemoteSwiftPackageReference "SwiftQRCodeScanner" */;
			productName = SwiftQRCodeScanner;
		};
/* End XCSwiftPackageProductDependency section */
	};
	rootObject = 1FAFCB8D2C6381110055E605 /* Project object */;
}
